lockfileVersion: '9.0'

settings:
  autoInstallPeers: true
  excludeLinksFromLockfile: false

importers:

  .:
    dependencies:
      '@whiskeysockets/baileys':
        specifier: ^7.0.0-rc10
        version: 7.0.0-rc13(sharp@0.34.5)
      axios:
        specifier: ^1.6.0
        version: 1.16.1
      cheerio:
        specifier: ^1.2.0
        version: 1.2.0
      dotenv:
        specifier: ^16.6.1
        version: 16.6.1
      express:
        specifier: ^4.22.2
        version: 4.22.2
      ffmpeg-static:
        specifier: ^5.3.0
        version: 5.3.0
      fluent-ffmpeg:
        specifier: ^2.1.3
        version: 2.1.3
      form-data:
        specifier: ^4.0.5
        version: 4.0.5
      fs-extra:
        specifier: ^11.3.5
        version: 11.3.5
      multer:
        specifier: ^1.4.5-lts.1
        version: 1.4.5-lts.2
      node-fetch:
        specifier: ^2.7.0
        version: 2.7.0
      node-telegram-bot-api:
        specifier: ^0.66.0
        version: 0.66.0
      node-webpmux:
        specifier: ^3.2.1
        version: 3.2.1
      openai:
        specifier: ^4.104.0
        version: 4.104.0(ws@8.20.1)
      pino:
        specifier: ^10.3.1
        version: 10.3.1
      qrcode-terminal:
        specifier: ^0.12.0
        version: 0.12.0
      ruhend-scraper:
        specifier: ^10.0.3
        version: 10.0.3
      sharp:
        specifier: ^0.34.5
        version: 0.34.5
      socket.io:
        specifier: ^4.8.3
        version: 4.8.3
      yt-search:
        specifier: ^2.13.1
        version: 2.13.1
    devDependencies:
      nodemon:
        specifier: ^3.0.1
        version: 3.1.14

packages:

  # Core Dependencies
  '@whiskeysockets/baileys@7.0.0-rc13':
    resolution: {integrity: sha512-8JPc8gaaCRykkjW2jxLGQ7/RZGrc7awO7WU+QJocf58eSUI9jAdcuYLynzhAbyU4UWvJJsHImZ+5E/JaZj5ypA==}
    engines: {node: '>=20.0.0'}
    peerDependencies:
      audio-decode: ^2.1.3
      jimp: ^1.6.1
      link-preview-js: ^3.0.0
      sharp: '*'
    peerDependenciesMeta:
      audio-decode:
        optional: true
      jimp:
        optional: true
      link-preview-js:
        optional: true

  axios@1.16.1:
    resolution: {integrity: sha512-caYkukvroVPO8KrzuJEb50Hm07KwfBZPEC3VeFHTsqWHvKTsy54hjJz9BS/cdaypROE2rH6xvm9mHX4fgWkr3A==}

  cheerio@1.2.0:
    resolution: {integrity: sha512-Wdrybc/gKFpTYQutKIK6UvfcuxijIZfMfXaYm8NMsPQxSYvf+13fXUJ4rztGGbJcBQ/GF55gvrZ0Bc0bj/mqvg==}
    engines: {node: '>=20.18.1'}

  dotenv@16.6.1:
    resolution: {integrity: sha512-uBq4egWHTcTt33a72vpSG0z3HnPuIl6NqYcTrKEg2azoEyl2hpW0zqlxysq2pK9HlDIHyHyakeYaYnSAwd8bow==}
    engines: {node: '>=12'}

  express@4.22.2:
    resolution: {integrity: sha512-IuL+Elrou2ZvCFHs18/CIzy2Nzvo25nZ1/D2eIZlz7c+QUayAcYoiM2BthCjs+EBHVpjYjcuLDAiCWgeIX3X1Q==}
    engines: {node: '>= 0.10.0'}

  ffmpeg-static@5.3.0:
    resolution: {integrity: sha512-H+K6sW6TiIX6VGend0KQwthe+kaceeH/luE8dIZyOP35ik7ahYojDuqlTV1bOrtEwl01sy2HFNGQfi5IDJvotg==}
    engines: {node: '>=16'}

  fluent-ffmpeg@2.1.3:
    resolution: {integrity: sha512-Be3narBNt2s6bsaqP6Jzq91heDgOEaDCJAXcE3qcma/EJBSy5FB4cvO31XBInuAuKBx8Kptf8dkhjK0IOru39Q==}
    engines: {node: '>=18'}
    deprecated: Package no longer supported. Contact Support at https://www.npmjs.com/support for more info.

  form-data@4.0.5:
    resolution: {integrity: sha512-8RipRLol37bNs2bhoV67fiTEvdTrbMUYcFTiy3+wuuOnUog2QBHCZWXDRijWQfAkhBj2Uf5UnVaiWwA5vdd82w==}
    engines: {node: '>= 6'}

  fs-extra@11.3.5:
    resolution: {integrity: sha512-eKpRKAovdpZtR1WopLHxlBWvAgPny3c4gX1G5Jhwmmw4XJj0ifSD5qB5TOo8hmA0wlRKDAOAhEE1yVPgs6Fgcg==}
    engines: {node: '>=14.14'}

  multer@1.4.5-lts.2:
    resolution: {integrity: sha512-VzGiVigcG9zUAoCNU+xShztrlr1auZOlurXynNvO9GiWD1/mTBbUljOKY+qMeazBqXgRnjzeEgJI/wyjJUHg9A==}
    engines: {node: '>= 6.0.0'}
    deprecated: Multer 1.x is impacted by a number of vulnerabilities, which have been patched in 2.x. You should upgrade to the latest 2.x version.

  node-fetch@2.7.0:
    resolution: {integrity: sha512-c4FRfUm/dbcWZ7U+1Wq0AwCyFL+3nt2bEw05wfxSz+DWpWsitgmSgYmy2dQdWyKC1694ELPqMs/YzUSNozLt8A==}
    engines: {node: 4.x || >=6.0.0}
    peerDependencies:
      encoding: ^0.1.0
    peerDependenciesMeta:
      encoding:
        optional: true

  node-telegram-bot-api@0.66.0:
    resolution: {integrity: sha512-HBqg0cPpnmh2RcHh1PUKKPRulvLu/vtX4V30BUXb3S1mE0cOG0oXa5dTtzlY7hqoefQBDyAuW1FugBgs71m6wQ==}
    engines: {node: '>=18'}

  node-webpmux@3.2.1:
    resolution: {integrity: sha512-MKgpq9nFgo44pIVNx/umD3nkqb2E8oqQTfmstVsfNdx9uV4cX7a4LqA+d8AZd3v5tgJXwENKUFsXNP3bRLP8nQ==}

  openai@4.104.0:
    resolution: {integrity: sha512-p99EFNsA/yX6UhVO93f5kJsDRLAg+CTA2RBqdHK4RtK8u5IJw32Hyb2dTGKbnnFmnuoBv5r7Z2CURI9sGZpSuA==}
    hasBin: true
    peerDependencies:
      ws: ^8.18.0
      zod: ^3.23.8
    peerDependenciesMeta:
      ws:
        optional: true
      zod:
        optional: true

  pino@10.3.1:
    resolution: {integrity: sha512-r34yH/GlQpKZbU1BvFFqOjhISRo1MNx1tWYsYvmj6KIRHSPMT2+yHOEb1SG6NMvRoHRF0a07kCOox/9yakl1vg==}
    hasBin: true

  qrcode-terminal@0.12.0:
    resolution: {integrity: sha512-EXtzRZmC+YGmGlDFbXKxQiMZNwCLEO6BANKXG4iCtSIM0yqc/pappSx3RIKr4r0uh5JsBckOXeKrB3Iz7mdQpQ==}
    hasBin: true

  ruhend-scraper@10.0.3:
    resolution: {integrity: sha512-6CotkF+8DgGTmJCUqPhdie77pFJ2nVbQtZ5ZSszNjQKXkAR2bW1g/3thV49VCW2gSUvv1wtGU76unzF64JlJrw==}

  sharp@0.34.5:
    resolution: {integrity: sha512-Ou9I5Ft9WNcCbXrU9cMgPBcCK8LiwLqcbywW3t4oDV37n1pzpuNLsYiAV8eODnjbtQlSDwZ2cUEeQz4E54Hltg==}
    engines: {node: ^18.17.0 || ^20.3.0 || >=21.0.0}

  socket.io@4.8.3:
    resolution: {integrity: sha512-2Dd78bqzzjE6KPkD5fHZmDAKRNe3J15q+YHDrIsy9WEkqttc7GY+kT9OBLSMaPbQaEd0x1BjcmtMtXkfpc+T5A==}
    engines: {node: '>=10.2.0'}

  yt-search@2.13.1:
    resolution: {integrity: sha512-iUvUpUyYG1Gk5MxwdxUkSeugXR2DcWX+pEq3rJlsNHHNp4+Lka+fCwNYEdoN5ovxltAzAvx0K3/3MbX7FqDdAw==}
    hasBin: true

  nodemon@3.1.14:
    resolution: {integrity: sha512-jakjZi93UtB3jHMWsXL68FXSAosbLfY0In5gtKq3niLSkrWznrVBzXFNOEMJUfc9+Ke7SHWoAZsiMkNP3vq6Jw==}
    engines: {node: '>=10'}
    hasBin: true

snapshots:

  '@whiskeysockets/baileys@7.0.0-rc13(sharp@0.34.5)':
    dependencies:
      '@cacheable/node-cache': 1.7.6
      '@hapi/boom': 9.1.4
      async-mutex: 0.5.0
      libsignal: 6.0.0
      lru-cache: 11.5.0
      music-metadata: 11.12.3
      p-queue: 9.3.0
      pino: 9.14.0
      protobufjs: 7.6.1
      sharp: 0.34.5
      whatsapp-rust-bridge: 0.5.4
      ws: 8.20.1
    transitivePeerDependencies:
      - bufferutil
      - supports-color
      - utf-8-validate

  axios@1.16.1:
    dependencies:
      follow-redirects: 1.16.0
      form-data: 4.0.5
      proxy-from-env: 2.1.0
    transitivePeerDependencies:
      - debug

  cheerio@1.2.0:
    dependencies:
      cheerio-select: 2.1.0
      dom-serializer: 2.0.0
      domhandler: 5.0.3
      domutils: 3.2.2
      encoding-sniffer: 0.2.1
      htmlparser2: 10.1.0
      parse5: 7.3.0
      parse5-htmlparser2-tree-adapter: 7.1.0
      parse5-parser-stream: 7.1.2
      undici: 7.25.0
      whatwg-mimetype: 4.0.0

  dotenv@16.6.1: {}

  express@4.22.2:
    dependencies:
      accepts: 1.3.8
      array-flatten: 1.1.1
      body-parser: 1.20.5
      content-disposition: 0.5.4
      content-type: 1.0.5
      cookie: 0.7.2
      cookie-signature: 1.0.7
      debug: 2.6.9
      depd: 2.0.0
      encodeurl: 2.0.0
      escape-html: 1.0.3
      etag: 1.8.1
      finalhandler: 1.3.2
      fresh: 0.5.2
      http-errors: 2.0.1
      merge-descriptors: 1.0.3
      methods: 1.1.2
      on-finished: 2.4.1
      parseurl: 1.3.3
      path-to-regexp: 0.1.13
      proxy-addr: 2.0.7
      qs: 6.15.2
      range-parser: 1.2.1
      safe-buffer: 5.2.1
      send: 0.19.2
      serve-static: 1.16.3
      setprototypeof: 1.2.0
      statuses: 2.0.2
      type-is: 1.6.18
      utils-merge: 1.0.1
      vary: 1.1.2
    transitivePeerDependencies:
      - supports-color

  ffmpeg-static@5.3.0:
    dependencies:
      '@derhuerst/http-basic': 8.2.4
      env-paths: 2.2.1
      https-proxy-agent: 5.0.1
      progress: 2.0.3
    transitivePeerDependencies:
      - supports-color

  fluent-ffmpeg@2.1.3:
    dependencies:
      async: 0.2.10
      which: 1.3.1

  form-data@4.0.5:
    dependencies:
      asynckit: 0.4.0
      combined-stream: 1.0.8
      es-set-tostringtag: 2.1.0
      hasown: 2.0.3
      mime-types: 2.1.35

  fs-extra@11.3.5:
    dependencies:
      graceful-fs: 4.2.11
      jsonfile: 6.2.1
      universalify: 2.0.1

  multer@1.4.5-lts.2:
    dependencies:
      append-field: 1.0.0
      busboy: 1.6.0
      concat-stream: 1.6.2
      mkdirp: 0.5.6
      object-assign: 4.1.1
      type-is: 1.6.18
      xtend: 4.0.2

  node-fetch@2.7.0:
    dependencies:
      whatwg-url: 5.0.0

  node-telegram-bot-api@0.66.0:
    dependencies:
      array-flatten: 3.0.0
      debug: 4.4.3(supports-color@5.5.0)
      mime: 3.0.0
      node-fetch: 2.7.0
      p-timeout: 3.2.0
      safe-buffer: 5.2.1
      telegram-typings: 6.4.0
    transitivePeerDependencies:
      - encoding
      - supports-color

  node-webpmux@3.2.1: {}

  openai@4.104.0(ws@8.20.1):
    dependencies:
      '@types/node': 18.19.130
      '@types/node-fetch': 2.6.13
      abort-controller: 3.0.0
      agentkeepalive: 4.6.0
      form-data-encoder: 1.7.2
      formdata-node: 4.4.1
      node-fetch: 2.7.0
    optionalDependencies:
      ws: 8.20.1
    transitivePeerDependencies:
      - encoding

  pino@10.3.1:
    dependencies:
      '@pinojs/redact': 0.4.0
      atomic-sleep: 1.0.0
      on-exit-leak-free: 2.1.2
      pino-abstract-transport: 3.0.0
      pino-std-serializers: 7.1.0
      process-warning: 5.0.0
      quick-format-unescaped: 4.0.4
      real-require: 0.2.0
      safe-stable-stringify: 2.5.0
      sonic-boom: 4.2.1
      thread-stream: 4.2.0

  qrcode-terminal@0.12.0: {}

  ruhend-scraper@10.0.3:
    dependencies:
      cheerio: 1.0.0-rc.10
      node-fetch: 2.7.0
      yt-search: '@ru-hend/yt-search@13.1.2'
    transitivePeerDependencies:
      - encoding

  sharp@0.34.5:
    dependencies:
      '@img/colour': 1.1.0
      detect-libc: 2.1.2
      semver: 7.8.1
    optionalDependencies:
      '@img/sharp-darwin-arm64': 0.34.5
      '@img/sharp-darwin-x64': 0.34.5
      '@img/sharp-libvips-darwin-arm64': 1.2.4
      '@img/sharp-libvips-darwin-x64': 1.2.4
      '@img/sharp-libvips-linux-arm': 1.2.4
      '@img/sharp-libvips-linux-arm64': 1.2.4
      '@img/sharp-libvips-linux-ppc64': 1.2.4
      '@img/sharp-libvips-linux-riscv64': 1.2.4
      '@img/sharp-libvips-linux-s390x': 1.2.4
      '@img/sharp-libvips-linux-x64': 1.2.4
      '@img/sharp-libvips-linuxmusl-arm64': 1.2.4
      '@img/sharp-libvips-linuxmusl-x64': 1.2.4
      '@img/sharp-linux-arm': 0.34.5
      '@img/sharp-linux-arm64': 0.34.5
      '@img/sharp-linux-ppc64': 0.34.5
      '@img/sharp-linux-riscv64': 0.34.5
      '@img/sharp-linux-s390x': 0.34.5
      '@img/sharp-linux-x64': 0.34.5
      '@img/sharp-linuxmusl-arm64': 0.34.5
      '@img/sharp-linuxmusl-x64': 0.34.5
      '@img/sharp-wasm32': 0.34.5
      '@img/sharp-win32-arm64': 0.34.5
      '@img/sharp-win32-ia32': 0.34.5
      '@img/sharp-win32-x64': 0.34.5

  socket.io@4.8.3:
    dependencies:
      accepts: 1.3.8
      base64id: 2.0.0
      cors: 2.8.6
      debug: 4.4.3(supports-color@5.5.0)
      engine.io: 6.6.8
      socket.io-adapter: 2.5.7
      socket.io-parser: 4.2.6
    transitivePeerDependencies:
      - bufferutil
      - supports-color
      - utf-8-validate

  yt-search@2.13.1:
    dependencies:
      async.parallellimit: 0.5.2
      boolstring: 2.0.1
      cheerio: 1.2.0
      dasu: 0.4.3
      human-time: 0.0.2
      jsonpath-plus: 10.3.0
      minimist: 1.2.8
      node-fzf: 0.14.0

  nodemon@3.1.14:
    dependencies:
      chokidar: 3.6.0
      debug: 4.4.3(supports-color@5.5.0)
      ignore-by-default: 1.0.1
      minimatch: 10.2.5
      pstree.remy: 1.1.8
      semver: 7.8.1
      simple-update-notifier: 2.0.0
      supports-color: 5.5.0
      touch: 3.1.1
      undefsafe: 2.0.5
```